
Microsoft Visual Studio Solution File, Format Version 12.00
# Visual Studio 15
VisualStudioVersion = 15.0.27703.2035
MinimumVisualStudioVersion = 10.0.40219.1
Project("{FAE04EC0-301F-11D3-BF4B-00C04F79EFBC}") = "BMI", "BMI\BMI.csproj", "{FB38D14D-5FAC-42C8-9BF9-04F3521C1391}"
EndProject
Global
	GlobalSection(SolutionConfigurationPlatforms) = preSolution
		Debug|Any CPU = Debug|Any CPU
		Release|Any CPU = Release|Any CPU
	EndGlobalSection
	GlobalSection(ProjectConfigurationPlatforms) = postSolution
		{FB38D14D-5FAC-42C8-9BF9-04F3521C1391}.Debug|Any CPU.ActiveCfg = Debug|Any CPU
		{FB38D14D-5FAC-42C8-9BF9-04F3521C1391}.Debug|Any CPU.Build.0 = Debug|Any CPU
		{FB38D14D-5FAC-42C8-9BF9-04F3521C1391}.Release|Any CPU.ActiveCfg = Release|Any CPU
		{FB38D14D-5FAC-42C8-9BF9-04F3521C1391}.Release|Any CPU.Build.0 = Release|Any CPU
	EndGlobalSection
	GlobalSection(SolutionProperties) = preSolution
		HideSolutionNode = FALSE
	EndGlobalSection
	GlobalSection(ExtensibilityGlobals) = postSolution
		SolutionGuid = {55D37766-EF49-4852-993C-F89269B81626}
	EndGlobalSection
EndGlobal
